
Microsoft Visual Studio Solution File, Format Version 12.00
# Visual Studio Version 17
VisualStudioVersion = 17.10.35027.167
MinimumVisualStudioVersion = 10.0.40219.1
Project("{9A19103F-16F7-4668-BE54-9A1E7A4F7556}") = "Curso_CSharp", "Curso_CSharp.csproj", "{1CF35651-1E5D-4136-A98F-00D593DB53AB}"
EndProject
Global
	GlobalSection(SolutionConfigurationPlatforms) = preSolution
		Debug|Any CPU = Debug|Any CPU
		Release|Any CPU = Release|Any CPU
	EndGlobalSection
	GlobalSection(ProjectConfigurationPlatforms) = postSolution
		{1CF35651-1E5D-4136-A98F-00D593DB53AB}.Debug|Any CPU.ActiveCfg = Debug|Any CPU
		{1CF35651-1E5D-4136-A98F-00D593DB53AB}.Debug|Any CPU.Build.0 = Debug|Any CPU
		{1CF35651-1E5D-4136-A98F-00D593DB53AB}.Release|Any CPU.ActiveCfg = Release|Any CPU
		{1CF35651-1E5D-4136-A98F-00D593DB53AB}.Release|Any CPU.Build.0 = Release|Any CPU
	EndGlobalSection
	GlobalSection(SolutionProperties) = preSolution
		HideSolutionNode = FALSE
	EndGlobalSection
	GlobalSection(ExtensibilityGlobals) = postSolution
		SolutionGuid = {8AAE038B-79A0-4CB6-81E0-6F4316E5DD5C}
	EndGlobalSection
EndGlobal
